
Microsoft Visual Studio Solution File, Format Version 12.00
# Visual Studio Version 17
VisualStudioVersion = 17.8.34330.188
MinimumVisualStudioVersion = 10.0.40219.1
Project("{9A19103F-16F7-4668-BE54-9A1E7A4F7556}") = "MSPatient", "MSPatient\MSPatient.csproj", "{115F4F85-FF91-4109-9803-EE23072500CC}"
EndProject
Project("{9A19103F-16F7-4668-BE54-9A1E7A4F7556}") = "MSUi", "MSUi\MSUi.csproj", "{716076E0-0D52-4F78-9B58-15AF08104A03}"
EndProject
Project("{9A19103F-16F7-4668-BE54-9A1E7A4F7556}") = "Gateway", "Gateway\Gateway.csproj", "{66961F4F-F6F9-41D8-B398-A16449ACD823}"
EndProject
Project("{FAE04EC0-301F-11D3-BF4B-00C04F79EFBC}") = "MSNote", "MSNote\MSNote.csproj", "{0680525A-111D-4570-BE42-69DECA173828}"
EndProject
Global
	GlobalSection(SolutionConfigurationPlatforms) = preSolution
		Debug|Any CPU = Debug|Any CPU
		Release|Any CPU = Release|Any CPU
	EndGlobalSection
	GlobalSection(ProjectConfigurationPlatforms) = postSolution
		{115F4F85-FF91-4109-9803-EE23072500CC}.Debug|Any CPU.ActiveCfg = Debug|Any CPU
		{115F4F85-FF91-4109-9803-EE23072500CC}.Debug|Any CPU.Build.0 = Debug|Any CPU
		{115F4F85-FF91-4109-9803-EE23072500CC}.Release|Any CPU.ActiveCfg = Release|Any CPU
		{115F4F85-FF91-4109-9803-EE23072500CC}.Release|Any CPU.Build.0 = Release|Any CPU
		{716076E0-0D52-4F78-9B58-15AF08104A03}.Debug|Any CPU.ActiveCfg = Debug|Any CPU
		{716076E0-0D52-4F78-9B58-15AF08104A03}.Debug|Any CPU.Build.0 = Debug|Any CPU
		{716076E0-0D52-4F78-9B58-15AF08104A03}.Release|Any CPU.ActiveCfg = Release|Any CPU
		{716076E0-0D52-4F78-9B58-15AF08104A03}.Release|Any CPU.Build.0 = Release|Any CPU
		{66961F4F-F6F9-41D8-B398-A16449ACD823}.Debug|Any CPU.ActiveCfg = Debug|Any CPU
		{66961F4F-F6F9-41D8-B398-A16449ACD823}.Debug|Any CPU.Build.0 = Debug|Any CPU
		{66961F4F-F6F9-41D8-B398-A16449ACD823}.Release|Any CPU.ActiveCfg = Release|Any CPU
		{66961F4F-F6F9-41D8-B398-A16449ACD823}.Release|Any CPU.Build.0 = Release|Any CPU
		{0680525A-111D-4570-BE42-69DECA173828}.Debug|Any CPU.ActiveCfg = Debug|Any CPU
		{0680525A-111D-4570-BE42-69DECA173828}.Debug|Any CPU.Build.0 = Debug|Any CPU
		{0680525A-111D-4570-BE42-69DECA173828}.Release|Any CPU.ActiveCfg = Release|Any CPU
		{0680525A-111D-4570-BE42-69DECA173828}.Release|Any CPU.Build.0 = Release|Any CPU
	EndGlobalSection
	GlobalSection(SolutionProperties) = preSolution
		HideSolutionNode = FALSE
	EndGlobalSection
	GlobalSection(ExtensibilityGlobals) = postSolution
		SolutionGuid = {A39E7853-74A7-453C-9D9C-BCBF793755D5}
	EndGlobalSection
EndGlobal
